// !$*UTF8*$!
{
	archiveVersion = 1;
	classes = {
	};
	objectVersion = 55;
	objects = {

/* Begin PBXBuildFile section */
		28272229282F7BE20076705A /* FirstSwiftUIProjectApp.swift in Sources */ = {isa = PBXBuildFile; fileRef = 28272228282F7BE20076705A /* FirstSwiftUIProjectApp.swift */; };
		2827222B282F7BE20076705A /* ContentView.swift in Sources */ = {isa = PBXBuildFile; fileRef = 2827222A282F7BE20076705A /* ContentView.swift */; };
		2827222D282F7BE30076705A /* Assets.xcassets in Resources */ = {isa = PBXBuildFile; fileRef = 2827222C282F7BE30076705A /* Assets.xcassets */; };
		28272230282F7BE30076705A /* Preview Assets.xcassets in Resources */ = {isa = PBXBuildFile; fileRef = 2827222F282F7BE30076705A /* Preview Assets.xcassets */; };
		2827223A282F7BE30076705A /* FirstSwiftUIProjectTests.swift in Sources */ = {isa = PBXBuildFile; fileRef = 28272239282F7BE30076705A /* FirstSwiftUIProjectTests.swift */; };
		28272244282F7BE30076705A /* FirstSwiftUIProjectUITests.swift in Sources */ = {isa = PBXBuildFile; fileRef = 28272243282F7BE30076705A /* FirstSwiftUIProjectUITests.swift */; };
		28272246282F7BE30076705A /* FirstSwiftUIProjectUITestsLaunchTests.swift in Sources */ = {isa = PBXBuildFile; fileRef = 28272245282F7BE30076705A /* FirstSwiftUIProjectUITestsLaunchTests.swift */; };
		28272253282F7CB60076705A /* ci.yml in Resources */ = {isa = PBXBuildFile; fileRef = 28272252282F7CB60076705A /* ci.yml */; };
/* End PBXBuildFile section */

/* Begin PBXContainerItemProxy section */
		28272236282F7BE30076705A /* PBXContainerItemProxy */ = {
			isa = PBXContainerItemProxy;
			containerPortal = 2827221D282F7BE20076705A /* Project object */;
			proxyType = 1;
			remoteGlobalIDString = 28272224282F7BE20076705A;
			remoteInfo = FirstSwiftUIProject;
		};
		28272240282F7BE30076705A /* PBXContainerItemProxy */ = {
			isa = PBXContainerItemProxy;
			containerPortal = 2827221D282F7BE20076705A /* Project object */;
			proxyType = 1;
			remoteGlobalIDString = 28272224282F7BE20076705A;
			remoteInfo = FirstSwiftUIProject;
		};
/* End PBXContainerItemProxy section */

/* Begin PBXFileReference section */
		28272225282F7BE20076705A /* FirstSwiftUIProject.app */ = {isa = PBXFileReference; explicitFileType = wrapper.application; includeInIndex = 0; path = FirstSwiftUIProject.app; sourceTree = BUILT_PRODUCTS_DIR; };
		28272228282F7BE20076705A /* FirstSwiftUIProjectApp.swift */ = {isa = PBXFileReference; lastKnownFileType = sourcecode.swift; path = FirstSwiftUIProjectApp.swift; sourceTree = "<group>"; };
		2827222A282F7BE20076705A /* ContentView.swift */ = {isa = PBXFileReference; lastKnownFileType = sourcecode.swift; path = ContentView.swift; sourceTree = "<group>"; };
		2827222C282F7BE30076705A /* Assets.xcassets */ = {isa = PBXFileReference; lastKnownFileType = folder.assetcatalog; path = Assets.xcassets; sourceTree = "<group>"; };
		2827222F282F7BE30076705A /* Preview Assets.xcassets */ = {isa = PBXFileReference; lastKnownFileType = folder.assetcatalog; path = "Preview Assets.xcassets"; sourceTree = "<group>"; };
		28272235282F7BE30076705A /* FirstSwiftUIProjectTests.xctest */ = {isa = PBXFileReference; explicitFileType = wrapper.cfbundle; includeInIndex = 0; path = FirstSwiftUIProjectTests.xctest; sourceTree = BUILT_PRODUCTS_DIR; };
		28272239282F7BE30076705A /* FirstSwiftUIProjectTests.swift */ = {isa = PBXFileReference; lastKnownFileType = sourcecode.swift; path = FirstSwiftUIProjectTests.swift; sourceTree = "<group>"; };
		2827223F282F7BE30076705A /* FirstSwiftUIProjectUITests.xctest */ = {isa = PBXFileReference; explicitFileType = wrapper.cfbundle; includeInIndex = 0; path = FirstSwiftUIProjectUITests.xctest; sourceTree = BUILT_PRODUCTS_DIR; };
		28272243282F7BE30076705A /* FirstSwiftUIProjectUITests.swift */ = {isa = PBXFileReference; lastKnownFileType = sourcecode.swift; path = FirstSwiftUIProjectUITests.swift; sourceTree = "<group>"; };
		28272245282F7BE30076705A /* FirstSwiftUIProjectUITestsLaunchTests.swift */ = {isa = PBXFileReference; lastKnownFileType = sourcecode.swift; path = FirstSwiftUIProjectUITestsLaunchTests.swift; sourceTree = "<group>"; };
		28272252282F7CB60076705A /* ci.yml */ = {isa = PBXFileReference; lastKnownFileType = text.yaml; path = ci.yml; sourceTree = "<group>"; };
/* End PBXFileReference section */

/* Begin PBXFrameworksBuildPhase section */
		28272222282F7BE20076705A /* Frameworks */ = {
			isa = PBXFrameworksBuildPhase;
			buildActionMask = 2147483647;
			files = (
			);
			runOnlyForDeploymentPostprocessing = 0;
		};
		28272232282F7BE30076705A /* Frameworks */ = {
			isa = PBXFrameworksBuildPhase;
			buildActionMask = 2147483647;
			files = (
			);
			runOnlyForDeploymentPostprocessing = 0;
		};
		2827223C282F7BE30076705A /* Frameworks */ = {
			isa = PBXFrameworksBuildPhase;
			buildActionMask = 2147483647;
			files = (
			);
			runOnlyForDeploymentPostprocessing = 0;
		};
/* End PBXFrameworksBuildPhase section */

/* Begin PBXGroup section */
		2827221C282F7BE20076705A = {
			isa = PBXGroup;
			children = (
				28272252282F7CB60076705A /* ci.yml */,
				28272227282F7BE20076705A /* FirstSwiftUIProject */,
				28272238282F7BE30076705A /* FirstSwiftUIProjectTests */,
				28272242282F7BE30076705A /* FirstSwiftUIProjectUITests */,
				28272226282F7BE20076705A /* Products */,
			);
			sourceTree = "<group>";
		};
		28272226282F7BE20076705A /* Products */ = {
			isa = PBXGroup;
			children = (
				28272225282F7BE20076705A /* FirstSwiftUIProject.app */,
				28272235282F7BE30076705A /* FirstSwiftUIProjectTests.xctest */,
				2827223F282F7BE30076705A /* FirstSwiftUIProjectUITests.xctest */,
			);
			name = Products;
			sourceTree = "<group>";
		};
		28272227282F7BE20076705A /* FirstSwiftUIProject */ = {
			isa = PBXGroup;
			children = (
				28272228282F7BE20076705A /* FirstSwiftUIProjectApp.swift */,
				2827222A282F7BE20076705A /* ContentView.swift */,
				2827222C282F7BE30076705A /* Assets.xcassets */,
				2827222E282F7BE30076705A /* Preview Content */,
			);
			path = FirstSwiftUIProject;
			sourceTree = "<group>";
		};
		2827222E282F7BE30076705A /* Preview Content */ = {
			isa = PBXGroup;
			children = (
				2827222F282F7BE30076705A /* Preview Assets.xcassets */,
			);
			path = "Preview Content";
			sourceTree = "<group>";
		};
		28272238282F7BE30076705A /* FirstSwiftUIProjectTests */ = {
			isa = PBXGroup;
			children = (
				28272239282F7BE30076705A /* FirstSwiftUIProjectTests.swift */,
			);
			path = FirstSwiftUIProjectTests;
			sourceTree = "<group>";
		};
		28272242282F7BE30076705A /* FirstSwiftUIProjectUITests */ = {
			isa = PBXGroup;
			children = (
				28272243282F7BE30076705A /* FirstSwiftUIProjectUITests.swift */,
				28272245282F7BE30076705A /* FirstSwiftUIProjectUITestsLaunchTests.swift */,
			);
			path = FirstSwiftUIProjectUITests;
			sourceTree = "<group>";
		};
/* End PBXGroup section */

/* Begin PBXNativeTarget section */
		28272224282F7BE20076705A /* FirstSwiftUIProject */ = {
			isa = PBXNativeTarget;
			buildConfigurationList = 28272249282F7BE30076705A /* Build configuration list for PBXNativeTarget "FirstSwiftUIProject" */;
			buildPhases = (
				28272221282F7BE20076705A /* Sources */,
				28272222282F7BE20076705A /* Frameworks */,
				28272223282F7BE20076705A /* Resources */,
			);
			buildRules = (
			);
			dependencies = (
			);
			name = FirstSwiftUIProject;
			productName = FirstSwiftUIProject;
			productReference = 28272225282F7BE20076705A /* FirstSwiftUIProject.app */;
			productType = "com.apple.product-type.application";
		};
		28272234282F7BE30076705A /* FirstSwiftUIProjectTests */ = {
			isa = PBXNativeTarget;
			buildConfigurationList = 2827224C282F7BE30076705A /* Build configuration list for PBXNativeTarget "FirstSwiftUIProjectTests" */;
			buildPhases = (
				28272231282F7BE30076705A /* Sources */,
				28272232282F7BE30076705A /* Frameworks */,
				28272233282F7BE30076705A /* Resources */,
			);
			buildRules = (
			);
			dependencies = (
				28272237282F7BE30076705A /* PBXTargetDependency */,
			);
			name = FirstSwiftUIProjectTests;
			productName = FirstSwiftUIProjectTests;
			productReference = 28272235282F7BE30076705A /* FirstSwiftUIProjectTests.xctest */;
			productType = "com.apple.product-type.bundle.unit-test";
		};
		2827223E282F7BE30076705A /* FirstSwiftUIProjectUITests */ = {
			isa = PBXNativeTarget;
			buildConfigurationList = 2827224F282F7BE30076705A /* Build configuration list for PBXNativeTarget "FirstSwiftUIProjectUITests" */;
			buildPhases = (
				2827223B282F7BE30076705A /* Sources */,
				2827223C282F7BE30076705A /* Frameworks */,
				2827223D282F7BE30076705A /* Resources */,
			);
			buildRules = (
			);
			dependencies = (
				28272241282F7BE30076705A /* PBXTargetDependency */,
			);
			name = FirstSwiftUIProjectUITests;
			productName = FirstSwiftUIProjectUITests;
			productReference = 2827223F282F7BE30076705A /* FirstSwiftUIProjectUITests.xctest */;
			productType = "com.apple.product-type.bundle.ui-testing";
		};
/* End PBXNativeTarget section */

/* Begin PBXProject section */
		2827221D282F7BE20076705A /* Project object */ = {
			isa = PBXProject;
			attributes = {
				BuildIndependentTargetsInParallel = 1;
				LastSwiftUpdateCheck = 1320;
				LastUpgradeCheck = 1320;
				TargetAttributes = {
					28272224282F7BE20076705A = {
						CreatedOnToolsVersion = 13.2.1;
					};
					28272234282F7BE30076705A = {
						CreatedOnToolsVersion = 13.2.1;
						TestTargetID = 28272224282F7BE20076705A;
					};
					2827223E282F7BE30076705A = {
						CreatedOnToolsVersion = 13.2.1;
						TestTargetID = 28272224282F7BE20076705A;
					};
				};
			};
			buildConfigurationList = 28272220282F7BE20076705A /* Build configuration list for PBXProject "FirstSwiftUIProject" */;
			compatibilityVersion = "Xcode 13.0";
			developmentRegion = en;
			hasScannedForEncodings = 0;
			knownRegions = (
				en,
				Base,
			);
			mainGroup = 2827221C282F7BE20076705A;
			productRefGroup = 28272226282F7BE20076705A /* Products */;
			projectDirPath = "";
			projectRoot = "";
			targets = (
				28272224282F7BE20076705A /* FirstSwiftUIProject */,
				28272234282F7BE30076705A /* FirstSwiftUIProjectTests */,
				2827223E282F7BE30076705A /* FirstSwiftUIProjectUITests */,
			);
		};
/* End PBXProject section */

/* Begin PBXResourcesBuildPhase section */
		28272223282F7BE20076705A /* Resources */ = {
			isa = PBXResourcesBuildPhase;
			buildActionMask = 2147483647;
			files = (
				28272230282F7BE30076705A /* Preview Assets.xcassets in Resources */,
				28272253282F7CB60076705A /* ci.yml in Resources */,
				2827222D282F7BE30076705A /* Assets.xcassets in Resources */,
			);
			runOnlyForDeploymentPostprocessing = 0;
		};
		28272233282F7BE30076705A /* Resources */ = {
			isa = PBXResourcesBuildPhase;
			buildActionMask = 2147483647;
			files = (
			);
			runOnlyForDeploymentPostprocessing = 0;
		};
		2827223D282F7BE30076705A /* Resources */ = {
			isa = PBXResourcesBuildPhase;
			buildActionMask = 2147483647;
			files = (
			);
			runOnlyForDeploymentPostprocessing = 0;
		};
/* End PBXResourcesBuildPhase section */

/* Begin PBXSourcesBuildPhase section */
		28272221282F7BE20076705A /* Sources */ = {
			isa = PBXSourcesBuildPhase;
			buildActionMask = 2147483647;
			files = (
				2827222B282F7BE20076705A /* ContentView.swift in Sources */,
				28272229282F7BE20076705A /* FirstSwiftUIProjectApp.swift in Sources */,
			);
			runOnlyForDeploymentPostprocessing = 0;
		};
		28272231282F7BE30076705A /* Sources */ = {
			isa = PBXSourcesBuildPhase;
			buildActionMask = 2147483647;
			files = (
				2827223A282F7BE30076705A /* FirstSwiftUIProjectTests.swift in Sources */,
			);
			runOnlyForDeploymentPostprocessing = 0;
		};
		2827223B282F7BE30076705A /* Sources */ = {
			isa = PBXSourcesBuildPhase;
			buildActionMask = 2147483647;
			files = (
				28272244282F7BE30076705A /* FirstSwiftUIProjectUITests.swift in Sources */,
				28272246282F7BE30076705A /* FirstSwiftUIProjectUITestsLaunchTests.swift in Sources */,
			);
			runOnlyForDeploymentPostprocessing = 0;
		};
/* End PBXSourcesBuildPhase section */

/* Begin PBXTargetDependency section */
		28272237282F7BE30076705A /* PBXTargetDependency */ = {
			isa = PBXTargetDependency;
			target = 28272224282F7BE20076705A /* FirstSwiftUIProject */;
			targetProxy = 28272236282F7BE30076705A /* PBXContainerItemProxy */;
		};
		28272241282F7BE30076705A /* PBXTargetDependency */ = {
			isa = PBXTargetDependency;
			target = 28272224282F7BE20076705A /* FirstSwiftUIProject */;
			targetProxy = 28272240282F7BE30076705A /* PBXContainerItemProxy */;
		};
/* End PBXTargetDependency section */

/* Begin XCBuildConfiguration section */
		28272247282F7BE30076705A /* Debug */ = {
			isa = XCBuildConfiguration;
			buildSettings = {
				ALWAYS_SEARCH_USER_PATHS = NO;
				CLANG_ANALYZER_NONNULL = YES;
				CLANG_ANALYZER_NUMBER_OBJECT_CONVERSION = YES_AGGRESSIVE;
				CLANG_CXX_LANGUAGE_STANDARD = "gnu++17";
				CLANG_CXX_LIBRARY = "libc++";
				CLANG_ENABLE_MODULES = YES;
				CLANG_ENABLE_OBJC_ARC = YES;
				CLANG_ENABLE_OBJC_WEAK = YES;
				CLANG_WARN_BLOCK_CAPTURE_AUTORELEASING = YES;
				CLANG_WARN_BOOL_CONVERSION = YES;
				CLANG_WARN_COMMA = YES;
				CLANG_WARN_CONSTANT_CONVERSION = YES;
				CLANG_WARN_DEPRECATED_OBJC_IMPLEMENTATIONS = YES;
				CLANG_WARN_DIRECT_OBJC_ISA_USAGE = YES_ERROR;
				CLANG_WARN_DOCUMENTATION_COMMENTS = YES;
				CLANG_WARN_EMPTY_BODY = YES;
				CLANG_WARN_ENUM_CONVERSION = YES;
				CLANG_WARN_INFINITE_RECURSION = YES;
				CLANG_WARN_INT_CONVERSION = YES;
				CLANG_WARN_NON_LITERAL_NULL_CONVERSION = YES;
				CLANG_WARN_OBJC_IMPLICIT_RETAIN_SELF = YES;
				CLANG_WARN_OBJC_LITERAL_CONVERSION = YES;
				CLANG_WARN_OBJC_ROOT_CLASS = YES_ERROR;
				CLANG_WARN_QUOTED_INCLUDE_IN_FRAMEWORK_HEADER = YES;
				CLANG_WARN_RANGE_LOOP_ANALYSIS = YES;
				CLANG_WARN_STRICT_PROTOTYPES = YES;
				CLANG_WARN_SUSPICIOUS_MOVE = YES;
				CLANG_WARN_UNGUARDED_AVAILABILITY = YES_AGGRESSIVE;
				CLANG_WARN_UNREACHABLE_CODE = YES;
				CLANG_WARN__DUPLICATE_METHOD_MATCH = YES;
				COPY_PHASE_STRIP = NO;
				DEBUG_INFORMATION_FORMAT = dwarf;
				ENABLE_STRICT_OBJC_MSGSEND = YES;
				ENABLE_TESTABILITY = YES;
				GCC_C_LANGUAGE_STANDARD = gnu11;
				GCC_DYNAMIC_NO_PIC = NO;
				GCC_NO_COMMON_BLOCKS = YES;
				GCC_OPTIMIZATION_LEVEL = 0;
				GCC_PREPROCESSOR_DEFINITIONS = (
					"DEBUG=1",
					"$(inherited)",
				);
				GCC_WARN_64_TO_32_BIT_CONVERSION = YES;
				GCC_WARN_ABOUT_RETURN_TYPE = YES_ERROR;
				GCC_WARN_UNDECLARED_SELECTOR = YES;
				GCC_WARN_UNINITIALIZED_AUTOS = YES_AGGRESSIVE;
				GCC_WARN_UNUSED_FUNCTION = YES;
				GCC_WARN_UNUSED_VARIABLE = YES;
				IPHONEOS_DEPLOYMENT_TARGET = 15.2;
				MTL_ENABLE_DEBUG_INFO = INCLUDE_SOURCE;
				MTL_FAST_MATH = YES;
				ONLY_ACTIVE_ARCH = YES;
				SDKROOT = iphoneos;
				SWIFT_ACTIVE_COMPILATION_CONDITIONS = DEBUG;
				SWIFT_OPTIMIZATION_LEVEL = "-Onone";
			};
			name = Debug;
		};
		28272248282F7BE30076705A /* Release */ = {
			isa = XCBuildConfiguration;
			buildSettings = {
				ALWAYS_SEARCH_USER_PATHS = NO;
				CLANG_ANALYZER_NONNULL = YES;
				CLANG_ANALYZER_NUMBER_OBJECT_CONVERSION = YES_AGGRESSIVE;
				CLANG_CXX_LANGUAGE_STANDARD = "gnu++17";
				CLANG_CXX_LIBRARY = "libc++";
				CLANG_ENABLE_MODULES = YES;
				CLANG_ENABLE_OBJC_ARC = YES;
				CLANG_ENABLE_OBJC_WEAK = YES;
				CLANG_WARN_BLOCK_CAPTURE_AUTORELEASING = YES;
				CLANG_WARN_BOOL_CONVERSION = YES;
				CLANG_WARN_COMMA = YES;
				CLANG_WARN_CONSTANT_CONVERSION = YES;
				CLANG_WARN_DEPRECATED_OBJC_IMPLEMENTATIONS = YES;
				CLANG_WARN_DIRECT_OBJC_ISA_USAGE = YES_ERROR;
				CLANG_WARN_DOCUMENTATION_COMMENTS = YES;
				CLANG_WARN_EMPTY_BODY = YES;
				CLANG_WARN_ENUM_CONVERSION = YES;
				CLANG_WARN_INFINITE_RECURSION = YES;
				CLANG_WARN_INT_CONVERSION = YES;
				CLANG_WARN_NON_LITERAL_NULL_CONVERSION = YES;
				CLANG_WARN_OBJC_IMPLICIT_RETAIN_SELF = YES;
				CLANG_WARN_OBJC_LITERAL_CONVERSION = YES;
				CLANG_WARN_OBJC_ROOT_CLASS = YES_ERROR;
				CLANG_WARN_QUOTED_INCLUDE_IN_FRAMEWORK_HEADER = YES;
				CLANG_WARN_RANGE_LOOP_ANALYSIS = YES;
				CLANG_WARN_STRICT_PROTOTYPES = YES;
				CLANG_WARN_SUSPICIOUS_MOVE = YES;
				CLANG_WARN_UNGUARDED_AVAILABILITY = YES_AGGRESSIVE;
				CLANG_WARN_UNREACHABLE_CODE = YES;
				CLANG_WARN__DUPLICATE_METHOD_MATCH = YES;
				COPY_PHASE_STRIP = NO;
				DEBUG_INFORMATION_FORMAT = "dwarf-with-dsym";
				ENABLE_NS_ASSERTIONS = NO;
				ENABLE_STRICT_OBJC_MSGSEND = YES;
				GCC_C_LANGUAGE_STANDARD = gnu11;
				GCC_NO_COMMON_BLOCKS = YES;
				GCC_WARN_64_TO_32_BIT_CONVERSION = YES;
				GCC_WARN_ABOUT_RETURN_TYPE = YES_ERROR;
				GCC_WARN_UNDECLARED_SELECTOR = YES;
				GCC_WARN_UNINITIALIZED_AUTOS = YES_AGGRESSIVE;
				GCC_WARN_UNUSED_FUNCTION = YES;
				GCC_WARN_UNUSED_VARIABLE = YES;
				IPHONEOS_DEPLOYMENT_TARGET = 15.2;
				MTL_ENABLE_DEBUG_INFO = NO;
				MTL_FAST_MATH = YES;
				SDKROOT = iphoneos;
				SWIFT_COMPILATION_MODE = wholemodule;
				SWIFT_OPTIMIZATION_LEVEL = "-O";
				VALIDATE_PRODUCT = YES;
			};
			name = Release;
		};
		2827224A282F7BE30076705A /* Debug */ = {
			isa = XCBuildConfiguration;
			buildSettings = {
				ASSETCATALOG_COMPILER_APPICON_NAME = AppIcon;
				ASSETCATALOG_COMPILER_GLOBAL_ACCENT_COLOR_NAME = AccentColor;
				CODE_SIGN_STYLE = Automatic;
				CURRENT_PROJECT_VERSION = 1;
				DEVELOPMENT_ASSET_PATHS = "\"FirstSwiftUIProject/Preview Content\"";
				DEVELOPMENT_TEAM = 965QQTKG5X;
				ENABLE_PREVIEWS = YES;
				GENERATE_INFOPLIST_FILE = YES;
				INFOPLIST_KEY_UIApplicationSceneManifest_Generation = YES;
				INFOPLIST_KEY_UIApplicationSupportsIndirectInputEvents = YES;
				INFOPLIST_KEY_UILaunchScreen_Generation = YES;
				INFOPLIST_KEY_UISupportedInterfaceOrientations_iPad = "UIInterfaceOrientationPortrait UIInterfaceOrientationPortraitUpsideDown UIInterfaceOrientationLandscapeLeft UIInterfaceOrientationLandscapeRight";
				INFOPLIST_KEY_UISupportedInterfaceOrientations_iPhone = "UIInterfaceOrientationPortrait UIInterfaceOrientationLandscapeLeft UIInterfaceOrientationLandscapeRight";
				LD_RUNPATH_SEARCH_PATHS = (
					"$(inherited)",
					"@executable_path/Frameworks",
				);
				MARKETING_VERSION = 1.0;
				PRODUCT_BUNDLE_IDENTIFIER = testmasatomasato.FirstSwiftUIProject;
				PRODUCT_NAME = "$(TARGET_NAME)";
				SWIFT_EMIT_LOC_STRINGS = YES;
				SWIFT_VERSION = 5.0;
				TARGETED_DEVICE_FAMILY = "1,2";
			};
			name = Debug;
		};
		2827224B282F7BE30076705A /* Release */ = {
			isa = XCBuildConfiguration;
			buildSettings = {
				ASSETCATALOG_COMPILER_APPICON_NAME = AppIcon;
				ASSETCATALOG_COMPILER_GLOBAL_ACCENT_COLOR_NAME = AccentColor;
				CODE_SIGN_STYLE = Automatic;
				CURRENT_PROJECT_VERSION = 1;
				DEVELOPMENT_ASSET_PATHS = "\"FirstSwiftUIProject/Preview Content\"";
				DEVELOPMENT_TEAM = 965QQTKG5X;
				ENABLE_PREVIEWS = YES;
				GENERATE_INFOPLIST_FILE = YES;
				INFOPLIST_KEY_UIApplicationSceneManifest_Generation = YES;
				INFOPLIST_KEY_UIApplicationSupportsIndirectInputEvents = YES;
				INFOPLIST_KEY_UILaunchScreen_Generation = YES;
				INFOPLIST_KEY_UISupportedInterfaceOrientations_iPad = "UIInterfaceOrientationPortrait UIInterfaceOrientationPortraitUpsideDown UIInterfaceOrientationLandscapeLeft UIInterfaceOrientationLandscapeRight";
				INFOPLIST_KEY_UISupportedInterfaceOrientations_iPhone = "UIInterfaceOrientationPortrait UIInterfaceOrientationLandscapeLeft UIInterfaceOrientationLandscapeRight";
				LD_RUNPATH_SEARCH_PATHS = (
					"$(inherited)",
					"@executable_path/Frameworks",
				);
				MARKETING_VERSION = 1.0;
				PRODUCT_BUNDLE_IDENTIFIER = testmasatomasato.FirstSwiftUIProject;
				PRODUCT_NAME = "$(TARGET_NAME)";
				SWIFT_EMIT_LOC_STRINGS = YES;
				SWIFT_VERSION = 5.0;
				TARGETED_DEVICE_FAMILY = "1,2";
			};
			name = Release;
		};
		2827224D282F7BE30076705A /* Debug */ = {
			isa = XCBuildConfiguration;
			buildSettings = {
				ALWAYS_EMBED_SWIFT_STANDARD_LIBRARIES = YES;
				BUNDLE_LOADER = "$(TEST_HOST)";
				CODE_SIGN_STYLE = Automatic;
				CURRENT_PROJECT_VERSION = 1;
				DEVELOPMENT_TEAM = 965QQTKG5X;
				GENERATE_INFOPLIST_FILE = YES;
				IPHONEOS_DEPLOYMENT_TARGET = 15.2;
				MARKETING_VERSION = 1.0;
				PRODUCT_BUNDLE_IDENTIFIER = testmasatomasato.FirstSwiftUIProjectTests;
				PRODUCT_NAME = "$(TARGET_NAME)";
				SWIFT_EMIT_LOC_STRINGS = NO;
				SWIFT_VERSION = 5.0;
				TARGETED_DEVICE_FAMILY = "1,2";
				TEST_HOST = "$(BUILT_PRODUCTS_DIR)/FirstSwiftUIProject.app/FirstSwiftUIProject";
			};
			name = Debug;
		};
		2827224E282F7BE30076705A /* Release */ = {
			isa = XCBuildConfiguration;
			buildSettings = {
				ALWAYS_EMBED_SWIFT_STANDARD_LIBRARIES = YES;
				BUNDLE_LOADER = "$(TEST_HOST)";
				CODE_SIGN_STYLE = Automatic;
				CURRENT_PROJECT_VERSION = 1;
				DEVELOPMENT_TEAM = 965QQTKG5X;
				GENERATE_INFOPLIST_FILE = YES;
				IPHONEOS_DEPLOYMENT_TARGET = 15.2;
				MARKETING_VERSION = 1.0;
				PRODUCT_BUNDLE_IDENTIFIER = testmasatomasato.FirstSwiftUIProjectTests;
				PRODUCT_NAME = "$(TARGET_NAME)";
				SWIFT_EMIT_LOC_STRINGS = NO;
				SWIFT_VERSION = 5.0;
				TARGETED_DEVICE_FAMILY = "1,2";
				TEST_HOST = "$(BUILT_PRODUCTS_DIR)/FirstSwiftUIProject.app/FirstSwiftUIProject";
			};
			name = Release;
		};
		28272250282F7BE30076705A /* Debug */ = {
			isa = XCBuildConfiguration;
			buildSettings = {
				ALWAYS_EMBED_SWIFT_STANDARD_LIBRARIES = YES;
				CODE_SIGN_STYLE = Automatic;
				CURRENT_PROJECT_VERSION = 1;
				DEVELOPMENT_TEAM = 965QQTKG5X;
				GENERATE_INFOPLIST_FILE = YES;
				MARKETING_VERSION = 1.0;
				PRODUCT_BUNDLE_IDENTIFIER = testmasatomasato.FirstSwiftUIProjectUITests;
				PRODUCT_NAME = "$(TARGET_NAME)";
				SWIFT_EMIT_LOC_STRINGS = NO;
				SWIFT_VERSION = 5.0;
				TARGETED_DEVICE_FAMILY = "1,2";
				TEST_TARGET_NAME = FirstSwiftUIProject;
			};
			name = Debug;
		};
		28272251282F7BE30076705A /* Release */ = {
			isa = XCBuildConfiguration;
			buildSettings = {
				ALWAYS_EMBED_SWIFT_STANDARD_LIBRARIES = YES;
				CODE_SIGN_STYLE = Automatic;
				CURRENT_PROJECT_VERSION = 1;
				DEVELOPMENT_TEAM = 965QQTKG5X;
				GENERATE_INFOPLIST_FILE = YES;
				MARKETING_VERSION = 1.0;
				PRODUCT_BUNDLE_IDENTIFIER = testmasatomasato.FirstSwiftUIProjectUITests;
				PRODUCT_NAME = "$(TARGET_NAME)";
				SWIFT_EMIT_LOC_STRINGS = NO;
				SWIFT_VERSION = 5.0;
				TARGETED_DEVICE_FAMILY = "1,2";
				TEST_TARGET_NAME = FirstSwiftUIProject;
			};
			name = Release;
		};
/* End XCBuildConfiguration section */

/* Begin XCConfigurationList section */
		28272220282F7BE20076705A /* Build configuration list for PBXProject "FirstSwiftUIProject" */ = {
			isa = XCConfigurationList;
			buildConfigurations = (
				28272247282F7BE30076705A /* Debug */,
				28272248282F7BE30076705A /* Release */,
			);
			defaultConfigurationIsVisible = 0;
			defaultConfigurationName = Release;
		};
		28272249282F7BE30076705A /* Build configuration list for PBXNativeTarget "FirstSwiftUIProject" */ = {
			isa = XCConfigurationList;
			buildConfigurations = (
				2827224A282F7BE30076705A /* Debug */,
				2827224B282F7BE30076705A /* Release */,
			);
			defaultConfigurationIsVisible = 0;
			defaultConfigurationName = Release;
		};
		2827224C282F7BE30076705A /* Build configuration list for PBXNativeTarget "FirstSwiftUIProjectTests" */ = {
			isa = XCConfigurationList;
			buildConfigurations = (
				2827224D282F7BE30076705A /* Debug */,
				2827224E282F7BE30076705A /* Release */,
			);
			defaultConfigurationIsVisible = 0;
			defaultConfigurationName = Release;
		};
		2827224F282F7BE30076705A /* Build configuration list for PBXNativeTarget "FirstSwiftUIProjectUITests" */ = {
			isa = XCConfigurationList;
			buildConfigurations = (
				28272250282F7BE30076705A /* Debug */,
				28272251282F7BE30076705A /* Release */,
			);
			defaultConfigurationIsVisible = 0;
			defaultConfigurationName = Release;
		};
/* End XCConfigurationList section */
	};
	rootObject = 2827221D282F7BE20076705A /* Project object */;
}
